
Microsoft Visual Studio Solution File, Format Version 12.00
# Visual Studio Version 17
VisualStudioVersion = 17.12.35521.163 d17.12
MinimumVisualStudioVersion = 10.0.40219.1
Project("{FAE04EC0-301F-11D3-BF4B-00C04F79EFBC}") = "GenericConstraintsDemo", "GenericConstraintsDemo.csproj", "{B93FF83D-6E48-4CFD-8C36-A9C1C36AA61D}"
	ProjectSection(ProjectDependencies) = postProject
		{8870A8E7-C869-4227-9903-F9AE9A708693} = {8870A8E7-C869-4227-9903-F9AE9A708693}
	EndProjectSection
EndProject
Project("{FAE04EC0-301F-11D3-BF4B-00C04F79EFBC}") = "StudyGenericConstraintsLibrary", "..\StudyGenericConstraintsLibrary\StudyGenericConstraintsLibrary.csproj", "{8870A8E7-C869-4227-9903-F9AE9A708693}"
EndProject
Global
	GlobalSection(SolutionConfigurationPlatforms) = preSolution
		Debug|Any CPU = Debug|Any CPU
		Release|Any CPU = Release|Any CPU
	EndGlobalSection
	GlobalSection(ProjectConfigurationPlatforms) = postSolution
		{B93FF83D-6E48-4CFD-8C36-A9C1C36AA61D}.Debug|Any CPU.ActiveCfg = Debug|Any CPU
		{B93FF83D-6E48-4CFD-8C36-A9C1C36AA61D}.Debug|Any CPU.Build.0 = Debug|Any CPU
		{B93FF83D-6E48-4CFD-8C36-A9C1C36AA61D}.Release|Any CPU.ActiveCfg = Release|Any CPU
		{B93FF83D-6E48-4CFD-8C36-A9C1C36AA61D}.Release|Any CPU.Build.0 = Release|Any CPU
		{8870A8E7-C869-4227-9903-F9AE9A708693}.Debug|Any CPU.ActiveCfg = Debug|Any CPU
		{8870A8E7-C869-4227-9903-F9AE9A708693}.Debug|Any CPU.Build.0 = Debug|Any CPU
		{8870A8E7-C869-4227-9903-F9AE9A708693}.Release|Any CPU.ActiveCfg = Release|Any CPU
		{8870A8E7-C869-4227-9903-F9AE9A708693}.Release|Any CPU.Build.0 = Release|Any CPU
	EndGlobalSection
	GlobalSection(SolutionProperties) = preSolution
		HideSolutionNode = FALSE
	EndGlobalSection
EndGlobal
